// !$*UTF8*$!
{
	archiveVersion = 1;
	classes = {
	};
	objectVersion = 56;
	objects = {

/* Begin PBXBuildFile section */
		DA35A7212BDC342500F78FBC /* Images in Resources */ = {isa = PBXBuildFile; fileRef = DA35A7202BDC342500F78FBC /* Images */; };
		DA35A7232BDC391500F78FBC /* Driver.swift in Sources */ = {isa = PBXBuildFile; fileRef = DA35A7222BDC391500F78FBC /* Driver.swift */; };
		DAE4696D2BC9C9A100DE71BE /* OverSteerGPApp.swift in Sources */ = {isa = PBXBuildFile; fileRef = DAE4696C2BC9C9A100DE71BE /* OverSteerGPApp.swift */; };
		DAE4696F2BC9C9A100DE71BE /* ContentView.swift in Sources */ = {isa = PBXBuildFile; fileRef = DAE4696E2BC9C9A100DE71BE /* ContentView.swift */; };
		DAE469712BC9C9A200DE71BE /* Assets.xcassets in Resources */ = {isa = PBXBuildFile; fileRef = DAE469702BC9C9A200DE71BE /* Assets.xcassets */; };
		DAE469742BC9C9A200DE71BE /* Preview Assets.xcassets in Resources */ = {isa = PBXBuildFile; fileRef = DAE469732BC9C9A200DE71BE /* Preview Assets.xcassets */; };
		DAE4697C2BC9C9BE00DE71BE /* Team.swift in Sources */ = {isa = PBXBuildFile; fileRef = DAE4697B2BC9C9BE00DE71BE /* Team.swift */; };
		DAE4697E2BC9CEBA00DE71BE /* TeamView.swift in Sources */ = {isa = PBXBuildFile; fileRef = DAE4697D2BC9CEBA00DE71BE /* TeamView.swift */; };
/* End PBXBuildFile section */

/* Begin PBXFileReference section */
		DA35A7202BDC342500F78FBC /* Images */ = {isa = PBXFileReference; lastKnownFileType = folder; name = Images; path = ../../../Images; sourceTree = "<group>"; };
		DA35A7222BDC391500F78FBC /* Driver.swift */ = {isa = PBXFileReference; lastKnownFileType = sourcecode.swift; path = Driver.swift; sourceTree = "<group>"; };
		DAE469692BC9C9A100DE71BE /* OverSteerGP.app */ = {isa = PBXFileReference; explicitFileType = wrapper.application; includeInIndex = 0; path = OverSteerGP.app; sourceTree = BUILT_PRODUCTS_DIR; };
		DAE4696C2BC9C9A100DE71BE /* OverSteerGPApp.swift */ = {isa = PBXFileReference; lastKnownFileType = sourcecode.swift; path = OverSteerGPApp.swift; sourceTree = "<group>"; };
		DAE4696E2BC9C9A100DE71BE /* ContentView.swift */ = {isa = PBXFileReference; lastKnownFileType = sourcecode.swift; path = ContentView.swift; sourceTree = "<group>"; };
		DAE469702BC9C9A200DE71BE /* Assets.xcassets */ = {isa = PBXFileReference; lastKnownFileType = folder.assetcatalog; path = Assets.xcassets; sourceTree = "<group>"; };
		DAE469732BC9C9A200DE71BE /* Preview Assets.xcassets */ = {isa = PBXFileReference; lastKnownFileType = folder.assetcatalog; path = "Preview Assets.xcassets"; sourceTree = "<group>"; };
		DAE4697B2BC9C9BE00DE71BE /* Team.swift */ = {isa = PBXFileReference; lastKnownFileType = sourcecode.swift; path = Team.swift; sourceTree = "<group>"; };
		DAE4697D2BC9CEBA00DE71BE /* TeamView.swift */ = {isa = PBXFileReference; lastKnownFileType = sourcecode.swift; path = TeamView.swift; sourceTree = "<group>"; };
/* End PBXFileReference section */

/* Begin PBXFrameworksBuildPhase section */
		DAE469662BC9C9A100DE71BE /* Frameworks */ = {
			isa = PBXFrameworksBuildPhase;
			buildActionMask = 2147483647;
			files = (
			);
			runOnlyForDeploymentPostprocessing = 0;
		};
/* End PBXFrameworksBuildPhase section */

/* Begin PBXGroup section */
		DAE469602BC9C9A100DE71BE = {
			isa = PBXGroup;
			children = (
				DAE4696B2BC9C9A100DE71BE /* OverSteerGP */,
				DAE4696A2BC9C9A100DE71BE /* Products */,
			);
			sourceTree = "<group>";
		};
		DAE4696A2BC9C9A100DE71BE /* Products */ = {
			isa = PBXGroup;
			children = (
				DAE469692BC9C9A100DE71BE /* OverSteerGP.app */,
			);
			name = Products;
			sourceTree = "<group>";
		};
		DAE4696B2BC9C9A100DE71BE /* OverSteerGP */ = {
			isa = PBXGroup;
			children = (
				DAE4697A2BC9C9AB00DE71BE /* Models */,
				DAE4696C2BC9C9A100DE71BE /* OverSteerGPApp.swift */,
				DAE4696E2BC9C9A100DE71BE /* ContentView.swift */,
				DAE469702BC9C9A200DE71BE /* Assets.xcassets */,
				DA35A7202BDC342500F78FBC /* Images */,
				DAE469722BC9C9A200DE71BE /* Preview Content */,
				DAE4697D2BC9CEBA00DE71BE /* TeamView.swift */,
			);
			path = OverSteerGP;
			sourceTree = "<group>";
		};
		DAE469722BC9C9A200DE71BE /* Preview Content */ = {
			isa = PBXGroup;
			children = (
				DAE469732BC9C9A200DE71BE /* Preview Assets.xcassets */,
			);
			path = "Preview Content";
			sourceTree = "<group>";
		};
		DAE4697A2BC9C9AB00DE71BE /* Models */ = {
			isa = PBXGroup;
			children = (
				DAE4697B2BC9C9BE00DE71BE /* Team.swift */,
				DA35A7222BDC391500F78FBC /* Driver.swift */,
			);
			path = Models;
			sourceTree = "<group>";
		};
/* End PBXGroup section */

/* Begin PBXNativeTarget section */
		DAE469682BC9C9A100DE71BE /* OverSteerGP */ = {
			isa = PBXNativeTarget;
			buildConfigurationList = DAE469772BC9C9A200DE71BE /* Build configuration list for PBXNativeTarget "OverSteerGP" */;
			buildPhases = (
				DAE469652BC9C9A100DE71BE /* Sources */,
				DAE469662BC9C9A100DE71BE /* Frameworks */,
				DAE469672BC9C9A100DE71BE /* Resources */,
			);
			buildRules = (
			);
			dependencies = (
			);
			name = OverSteerGP;
			productName = OverSteerGP;
			productReference = DAE469692BC9C9A100DE71BE /* OverSteerGP.app */;
			productType = "com.apple.product-type.application";
		};
/* End PBXNativeTarget section */

/* Begin PBXProject section */
		DAE469612BC9C9A100DE71BE /* Project object */ = {
			isa = PBXProject;
			attributes = {
				BuildIndependentTargetsInParallel = 1;
				LastSwiftUpdateCheck = 1520;
				LastUpgradeCheck = 1520;
				TargetAttributes = {
					DAE469682BC9C9A100DE71BE = {
						CreatedOnToolsVersion = 15.2;
					};
				};
			};
			buildConfigurationList = DAE469642BC9C9A100DE71BE /* Build configuration list for PBXProject "OverSteerGP" */;
			compatibilityVersion = "Xcode 14.0";
			developmentRegion = en;
			hasScannedForEncodings = 0;
			knownRegions = (
				en,
				Base,
			);
			mainGroup = DAE469602BC9C9A100DE71BE;
			productRefGroup = DAE4696A2BC9C9A100DE71BE /* Products */;
			projectDirPath = "";
			projectRoot = "";
			targets = (
				DAE469682BC9C9A100DE71BE /* OverSteerGP */,
			);
		};
/* End PBXProject section */

/* Begin PBXResourcesBuildPhase section */
		DAE469672BC9C9A100DE71BE /* Resources */ = {
			isa = PBXResourcesBuildPhase;
			buildActionMask = 2147483647;
			files = (
				DAE469742BC9C9A200DE71BE /* Preview Assets.xcassets in Resources */,
				DA35A7212BDC342500F78FBC /* Images in Resources */,
				DAE469712BC9C9A200DE71BE /* Assets.xcassets in Resources */,
			);
			runOnlyForDeploymentPostprocessing = 0;
		};
/* End PBXResourcesBuildPhase section */

/* Begin PBXSourcesBuildPhase section */
		DAE469652BC9C9A100DE71BE /* Sources */ = {
			isa = PBXSourcesBuildPhase;
			buildActionMask = 2147483647;
			files = (
				DA35A7232BDC391500F78FBC /* Driver.swift in Sources */,
				DAE4697C2BC9C9BE00DE71BE /* Team.swift in Sources */,
				DAE4696F2BC9C9A100DE71BE /* ContentView.swift in Sources */,
				DAE4696D2BC9C9A100DE71BE /* OverSteerGPApp.swift in Sources */,
				DAE4697E2BC9CEBA00DE71BE /* TeamView.swift in Sources */,
			);
			runOnlyForDeploymentPostprocessing = 0;
		};
/* End PBXSourcesBuildPhase section */

/* Begin XCBuildConfiguration section */
		DAE469752BC9C9A200DE71BE /* Debug */ = {
			isa = XCBuildConfiguration;
			buildSettings = {
				ALWAYS_SEARCH_USER_PATHS = NO;
				ASSETCATALOG_COMPILER_GENERATE_SWIFT_ASSET_SYMBOL_EXTENSIONS = YES;
				CLANG_ANALYZER_NONNULL = YES;
				CLANG_ANALYZER_NUMBER_OBJECT_CONVERSION = YES_AGGRESSIVE;
				CLANG_CXX_LANGUAGE_STANDARD = "gnu++20";
				CLANG_ENABLE_MODULES = YES;
				CLANG_ENABLE_OBJC_ARC = YES;
				CLANG_ENABLE_OBJC_WEAK = YES;
				CLANG_WARN_BLOCK_CAPTURE_AUTORELEASING = YES;
				CLANG_WARN_BOOL_CONVERSION = YES;
				CLANG_WARN_COMMA = YES;
				CLANG_WARN_CONSTANT_CONVERSION = YES;
				CLANG_WARN_DEPRECATED_OBJC_IMPLEMENTATIONS = YES;
				CLANG_WARN_DIRECT_OBJC_ISA_USAGE = YES_ERROR;
				CLANG_WARN_DOCUMENTATION_COMMENTS = YES;
				CLANG_WARN_EMPTY_BODY = YES;
				CLANG_WARN_ENUM_CONVERSION = YES;
				CLANG_WARN_INFINITE_RECURSION = YES;
				CLANG_WARN_INT_CONVERSION = YES;
				CLANG_WARN_NON_LITERAL_NULL_CONVERSION = YES;
				CLANG_WARN_OBJC_IMPLICIT_RETAIN_SELF = YES;
				CLANG_WARN_OBJC_LITERAL_CONVERSION = YES;
				CLANG_WARN_OBJC_ROOT_CLASS = YES_ERROR;
				CLANG_WARN_QUOTED_INCLUDE_IN_FRAMEWORK_HEADER = YES;
				CLANG_WARN_RANGE_LOOP_ANALYSIS = YES;
				CLANG_WARN_STRICT_PROTOTYPES = YES;
				CLANG_WARN_SUSPICIOUS_MOVE = YES;
				CLANG_WARN_UNGUARDED_AVAILABILITY = YES_AGGRESSIVE;
				CLANG_WARN_UNREACHABLE_CODE = YES;
				CLANG_WARN__DUPLICATE_METHOD_MATCH = YES;
				COPY_PHASE_STRIP = NO;
				DEBUG_INFORMATION_FORMAT = dwarf;
				ENABLE_STRICT_OBJC_MSGSEND = YES;
				ENABLE_TESTABILITY = YES;
				ENABLE_USER_SCRIPT_SANDBOXING = YES;
				GCC_C_LANGUAGE_STANDARD = gnu17;
				GCC_DYNAMIC_NO_PIC = NO;
				GCC_NO_COMMON_BLOCKS = YES;
				GCC_OPTIMIZATION_LEVEL = 0;
				GCC_PREPROCESSOR_DEFINITIONS = (
					"DEBUG=1",
					"$(inherited)",
				);
				GCC_WARN_64_TO_32_BIT_CONVERSION = YES;
				GCC_WARN_ABOUT_RETURN_TYPE = YES_ERROR;
				GCC_WARN_UNDECLARED_SELECTOR = YES;
				GCC_WARN_UNINITIALIZED_AUTOS = YES_AGGRESSIVE;
				GCC_WARN_UNUSED_FUNCTION = YES;
				GCC_WARN_UNUSED_VARIABLE = YES;
				IPHONEOS_DEPLOYMENT_TARGET = 17.2;
				LOCALIZATION_PREFERS_STRING_CATALOGS = YES;
				MTL_ENABLE_DEBUG_INFO = INCLUDE_SOURCE;
				MTL_FAST_MATH = YES;
				ONLY_ACTIVE_ARCH = YES;
				SDKROOT = iphoneos;
				SWIFT_ACTIVE_COMPILATION_CONDITIONS = "DEBUG $(inherited)";
				SWIFT_OPTIMIZATION_LEVEL = "-Onone";
			};
			name = Debug;
		};
		DAE469762BC9C9A200DE71BE /* Release */ = {
			isa = XCBuildConfiguration;
			buildSettings = {
				ALWAYS_SEARCH_USER_PATHS = NO;
				ASSETCATALOG_COMPILER_GENERATE_SWIFT_ASSET_SYMBOL_EXTENSIONS = YES;
				CLANG_ANALYZER_NONNULL = YES;
				CLANG_ANALYZER_NUMBER_OBJECT_CONVERSION = YES_AGGRESSIVE;
				CLANG_CXX_LANGUAGE_STANDARD = "gnu++20";
				CLANG_ENABLE_MODULES = YES;
				CLANG_ENABLE_OBJC_ARC = YES;
				CLANG_ENABLE_OBJC_WEAK = YES;
				CLANG_WARN_BLOCK_CAPTURE_AUTORELEASING = YES;
				CLANG_WARN_BOOL_CONVERSION = YES;
				CLANG_WARN_COMMA = YES;
				CLANG_WARN_CONSTANT_CONVERSION = YES;
				CLANG_WARN_DEPRECATED_OBJC_IMPLEMENTATIONS = YES;
				CLANG_WARN_DIRECT_OBJC_ISA_USAGE = YES_ERROR;
				CLANG_WARN_DOCUMENTATION_COMMENTS = YES;
				CLANG_WARN_EMPTY_BODY = YES;
				CLANG_WARN_ENUM_CONVERSION = YES;
				CLANG_WARN_INFINITE_RECURSION = YES;
				CLANG_WARN_INT_CONVERSION = YES;
				CLANG_WARN_NON_LITERAL_NULL_CONVERSION = YES;
				CLANG_WARN_OBJC_IMPLICIT_RETAIN_SELF = YES;
				CLANG_WARN_OBJC_LITERAL_CONVERSION = YES;
				CLANG_WARN_OBJC_ROOT_CLASS = YES_ERROR;
				CLANG_WARN_QUOTED_INCLUDE_IN_FRAMEWORK_HEADER = YES;
				CLANG_WARN_RANGE_LOOP_ANALYSIS = YES;
				CLANG_WARN_STRICT_PROTOTYPES = YES;
				CLANG_WARN_SUSPICIOUS_MOVE = YES;
				CLANG_WARN_UNGUARDED_AVAILABILITY = YES_AGGRESSIVE;
				CLANG_WARN_UNREACHABLE_CODE = YES;
				CLANG_WARN__DUPLICATE_METHOD_MATCH = YES;
				COPY_PHASE_STRIP = NO;
				DEBUG_INFORMATION_FORMAT = "dwarf-with-dsym";
				ENABLE_NS_ASSERTIONS = NO;
				ENABLE_STRICT_OBJC_MSGSEND = YES;
				ENABLE_USER_SCRIPT_SANDBOXING = YES;
				GCC_C_LANGUAGE_STANDARD = gnu17;
				GCC_NO_COMMON_BLOCKS = YES;
				GCC_WARN_64_TO_32_BIT_CONVERSION = YES;
				GCC_WARN_ABOUT_RETURN_TYPE = YES_ERROR;
				GCC_WARN_UNDECLARED_SELECTOR = YES;
				GCC_WARN_UNINITIALIZED_AUTOS = YES_AGGRESSIVE;
				GCC_WARN_UNUSED_FUNCTION = YES;
				GCC_WARN_UNUSED_VARIABLE = YES;
				IPHONEOS_DEPLOYMENT_TARGET = 17.2;
				LOCALIZATION_PREFERS_STRING_CATALOGS = YES;
				MTL_ENABLE_DEBUG_INFO = NO;
				MTL_FAST_MATH = YES;
				SDKROOT = iphoneos;
				SWIFT_COMPILATION_MODE = wholemodule;
				VALIDATE_PRODUCT = YES;
			};
			name = Release;
		};
		DAE469782BC9C9A200DE71BE /* Debug */ = {
			isa = XCBuildConfiguration;
			buildSettings = {
				ASSETCATALOG_COMPILER_APPICON_NAME = AppIcon;
				ASSETCATALOG_COMPILER_GLOBAL_ACCENT_COLOR_NAME = AccentColor;
				CODE_SIGN_STYLE = Automatic;
				CURRENT_PROJECT_VERSION = 1;
				DEVELOPMENT_ASSET_PATHS = "\"OverSteerGP/Preview Content\"";
				DEVELOPMENT_TEAM = 3KBK56HQL4;
				ENABLE_PREVIEWS = YES;
				GENERATE_INFOPLIST_FILE = YES;
				INFOPLIST_KEY_UIApplicationSceneManifest_Generation = YES;
				INFOPLIST_KEY_UIApplicationSupportsIndirectInputEvents = YES;
				INFOPLIST_KEY_UILaunchScreen_Generation = YES;
				INFOPLIST_KEY_UISupportedInterfaceOrientations_iPad = "UIInterfaceOrientationPortrait UIInterfaceOrientationPortraitUpsideDown UIInterfaceOrientationLandscapeLeft UIInterfaceOrientationLandscapeRight";
				INFOPLIST_KEY_UISupportedInterfaceOrientations_iPhone = "UIInterfaceOrientationPortrait UIInterfaceOrientationLandscapeLeft UIInterfaceOrientationLandscapeRight";
				LD_RUNPATH_SEARCH_PATHS = (
					"$(inherited)",
					"@executable_path/Frameworks",
				);
				MARKETING_VERSION = 1.0;
				PRODUCT_BUNDLE_IDENTIFIER = PQ.OverSteerGP;
				PRODUCT_NAME = "$(TARGET_NAME)";
				SWIFT_EMIT_LOC_STRINGS = YES;
				SWIFT_VERSION = 5.0;
				TARGETED_DEVICE_FAMILY = "1,2";
			};
			name = Debug;
		};
		DAE469792BC9C9A200DE71BE /* Release */ = {
			isa = XCBuildConfiguration;
			buildSettings = {
				ASSETCATALOG_COMPILER_APPICON_NAME = AppIcon;
				ASSETCATALOG_COMPILER_GLOBAL_ACCENT_COLOR_NAME = AccentColor;
				CODE_SIGN_STYLE = Automatic;
				CURRENT_PROJECT_VERSION = 1;
				DEVELOPMENT_ASSET_PATHS = "\"OverSteerGP/Preview Content\"";
				DEVELOPMENT_TEAM = 3KBK56HQL4;
				ENABLE_PREVIEWS = YES;
				GENERATE_INFOPLIST_FILE = YES;
				INFOPLIST_KEY_UIApplicationSceneManifest_Generation = YES;
				INFOPLIST_KEY_UIApplicationSupportsIndirectInputEvents = YES;
				INFOPLIST_KEY_UILaunchScreen_Generation = YES;
				INFOPLIST_KEY_UISupportedInterfaceOrientations_iPad = "UIInterfaceOrientationPortrait UIInterfaceOrientationPortraitUpsideDown UIInterfaceOrientationLandscapeLeft UIInterfaceOrientationLandscapeRight";
				INFOPLIST_KEY_UISupportedInterfaceOrientations_iPhone = "UIInterfaceOrientationPortrait UIInterfaceOrientationLandscapeLeft UIInterfaceOrientationLandscapeRight";
				LD_RUNPATH_SEARCH_PATHS = (
					"$(inherited)",
					"@executable_path/Frameworks",
				);
				MARKETING_VERSION = 1.0;
				PRODUCT_BUNDLE_IDENTIFIER = PQ.OverSteerGP;
				PRODUCT_NAME = "$(TARGET_NAME)";
				SWIFT_EMIT_LOC_STRINGS = YES;
				SWIFT_VERSION = 5.0;
				TARGETED_DEVICE_FAMILY = "1,2";
			};
			name = Release;
		};
/* End XCBuildConfiguration section */

/* Begin XCConfigurationList section */
		DAE469642BC9C9A100DE71BE /* Build configuration list for PBXProject "OverSteerGP" */ = {
			isa = XCConfigurationList;
			buildConfigurations = (
				DAE469752BC9C9A200DE71BE /* Debug */,
				DAE469762BC9C9A200DE71BE /* Release */,
			);
			defaultConfigurationIsVisible = 0;
			defaultConfigurationName = Release;
		};
		DAE469772BC9C9A200DE71BE /* Build configuration list for PBXNativeTarget "OverSteerGP" */ = {
			isa = XCConfigurationList;
			buildConfigurations = (
				DAE469782BC9C9A200DE71BE /* Debug */,
				DAE469792BC9C9A200DE71BE /* Release */,
			);
			defaultConfigurationIsVisible = 0;
			defaultConfigurationName = Release;
		};
/* End XCConfigurationList section */
	};
	rootObject = DAE469612BC9C9A100DE71BE /* Project object */;
}
